
Microsoft Visual Studio Solution File, Format Version 12.00
# Visual Studio 14
VisualStudioVersion = 14.0.25420.1
MinimumVisualStudioVersion = 10.0.40219.1
Project("{FAE04EC0-301F-11D3-BF4B-00C04F79EFBC}") = "DryIoc.Wcf", "DryIoc.Wcf\DryIoc.Wcf.csproj", "{4DD10E45-BBF8-4F5B-A599-3ED44DC2B6B0}"
EndProject
Project("{FAE04EC0-301F-11D3-BF4B-00C04F79EFBC}") = "IntegrationTests", "IntegrationTests\IntegrationTests.csproj", "{CFBF5B9D-B680-4BA6-A58A-93C0B7124F79}"
	ProjectSection(ProjectDependencies) = postProject
		{82EAECC7-F09B-4430-8276-333AB3832E9E} = {82EAECC7-F09B-4430-8276-333AB3832E9E}
	EndProjectSection
EndProject
Project("{FAE04EC0-301F-11D3-BF4B-00C04F79EFBC}") = "WcfSample.Service", "WcfSample.Service\WcfSample.Service.csproj", "{82EAECC7-F09B-4430-8276-333AB3832E9E}"
EndProject
Global
	GlobalSection(SolutionConfigurationPlatforms) = preSolution
		Debug|Any CPU = Debug|Any CPU
		Release|Any CPU = Release|Any CPU
	EndGlobalSection
	GlobalSection(ProjectConfigurationPlatforms) = postSolution
		{4DD10E45-BBF8-4F5B-A599-3ED44DC2B6B0}.Debug|Any CPU.ActiveCfg = Debug|Any CPU
		{4DD10E45-BBF8-4F5B-A599-3ED44DC2B6B0}.Debug|Any CPU.Build.0 = Debug|Any CPU
		{4DD10E45-BBF8-4F5B-A599-3ED44DC2B6B0}.Release|Any CPU.ActiveCfg = Release|Any CPU
		{4DD10E45-BBF8-4F5B-A599-3ED44DC2B6B0}.Release|Any CPU.Build.0 = Release|Any CPU
		{CFBF5B9D-B680-4BA6-A58A-93C0B7124F79}.Debug|Any CPU.ActiveCfg = Debug|Any CPU
		{CFBF5B9D-B680-4BA6-A58A-93C0B7124F79}.Debug|Any CPU.Build.0 = Debug|Any CPU
		{CFBF5B9D-B680-4BA6-A58A-93C0B7124F79}.Release|Any CPU.ActiveCfg = Release|Any CPU
		{CFBF5B9D-B680-4BA6-A58A-93C0B7124F79}.Release|Any CPU.Build.0 = Release|Any CPU
		{82EAECC7-F09B-4430-8276-333AB3832E9E}.Debug|Any CPU.ActiveCfg = Debug|Any CPU
		{82EAECC7-F09B-4430-8276-333AB3832E9E}.Debug|Any CPU.Build.0 = Debug|Any CPU
		{82EAECC7-F09B-4430-8276-333AB3832E9E}.Release|Any CPU.ActiveCfg = Release|Any CPU
		{82EAECC7-F09B-4430-8276-333AB3832E9E}.Release|Any CPU.Build.0 = Release|Any CPU
	EndGlobalSection
	GlobalSection(SolutionProperties) = preSolution
		HideSolutionNode = FALSE
	EndGlobalSection
EndGlobal
